
Microsoft Visual Studio Solution File, Format Version 12.00
# Visual Studio Version 17
VisualStudioVersion = 17.8.34322.80
MinimumVisualStudioVersion = 10.0.40219.1
Project("{9A19103F-16F7-4668-BE54-9A1E7A4F7556}") = "SoundInTheory.Piranha.MediaExtensions.Images", "modules\SoundInTheory.Piranha.MediaExtensions.Images\SoundInTheory.Piranha.MediaExtensions.Images.csproj", "{0D2EDFAB-28B0-4972-A8B3-451FF54E8567}"
EndProject
Project("{9A19103F-16F7-4668-BE54-9A1E7A4F7556}") = "ImagesExample", "examples\ImagesExample\ImagesExample.csproj", "{9735FBE3-E1B6-4752-8293-89171B323298}"
EndProject
Project("{2150E333-8FDC-42A3-9474-1A3956D46DE8}") = "Solution Items", "Solution Items", "{44373189-609E-4D3F-9318-5B2A2AD6324A}"
	ProjectSection(SolutionItems) = preProject
		Directory.Build.Props = Directory.Build.Props
	EndProjectSection
EndProject
Project("{FAE04EC0-301F-11D3-BF4B-00C04F79EFBC}") = "SoundInTheory.Piranha.MediaExtensions.Video", "modules\SoundInTheory.Piranha.MediaExtensions.Video\SoundInTheory.Piranha.MediaExtensions.Video.csproj", "{626294C6-D2E5-4007-8F74-CDEB1F1B4F4D}"
EndProject
Global
	GlobalSection(SolutionConfigurationPlatforms) = preSolution
		Debug|Any CPU = Debug|Any CPU
		Release|Any CPU = Release|Any CPU
	EndGlobalSection
	GlobalSection(ProjectConfigurationPlatforms) = postSolution
		{0D2EDFAB-28B0-4972-A8B3-451FF54E8567}.Debug|Any CPU.ActiveCfg = Debug|Any CPU
		{0D2EDFAB-28B0-4972-A8B3-451FF54E8567}.Debug|Any CPU.Build.0 = Debug|Any CPU
		{0D2EDFAB-28B0-4972-A8B3-451FF54E8567}.Release|Any CPU.ActiveCfg = Release|Any CPU
		{0D2EDFAB-28B0-4972-A8B3-451FF54E8567}.Release|Any CPU.Build.0 = Release|Any CPU
		{9735FBE3-E1B6-4752-8293-89171B323298}.Debug|Any CPU.ActiveCfg = Debug|Any CPU
		{9735FBE3-E1B6-4752-8293-89171B323298}.Debug|Any CPU.Build.0 = Debug|Any CPU
		{9735FBE3-E1B6-4752-8293-89171B323298}.Release|Any CPU.ActiveCfg = Release|Any CPU
		{9735FBE3-E1B6-4752-8293-89171B323298}.Release|Any CPU.Build.0 = Release|Any CPU
		{626294C6-D2E5-4007-8F74-CDEB1F1B4F4D}.Debug|Any CPU.ActiveCfg = Debug|Any CPU
		{626294C6-D2E5-4007-8F74-CDEB1F1B4F4D}.Debug|Any CPU.Build.0 = Debug|Any CPU
		{626294C6-D2E5-4007-8F74-CDEB1F1B4F4D}.Release|Any CPU.ActiveCfg = Release|Any CPU
		{626294C6-D2E5-4007-8F74-CDEB1F1B4F4D}.Release|Any CPU.Build.0 = Release|Any CPU
	EndGlobalSection
	GlobalSection(SolutionProperties) = preSolution
		HideSolutionNode = FALSE
	EndGlobalSection
	GlobalSection(ExtensibilityGlobals) = postSolution
		SolutionGuid = {F5CC5DCD-01AC-481B-A607-8597B988ED0F}
	EndGlobalSection
EndGlobal
